
Microsoft Visual Studio Solution File, Format Version 12.00
# Visual Studio 15
VisualStudioVersion = 15.0.28307.1778
MinimumVisualStudioVersion = 10.0.40219.1
Project("{FAE04EC0-301F-11D3-BF4B-00C04F79EFBC}") = "ChessGame", "ChessGame\ChessGame.csproj", "{0D6B0B64-6630-40F9-ADF4-E48D3928D318}"
EndProject
Global
	GlobalSection(SolutionConfigurationPlatforms) = preSolution
		Debug|Any CPU = Debug|Any CPU
		Release|Any CPU = Release|Any CPU
	EndGlobalSection
	GlobalSection(ProjectConfigurationPlatforms) = postSolution
		{0D6B0B64-6630-40F9-ADF4-E48D3928D318}.Debug|Any CPU.ActiveCfg = Debug|Any CPU
		{0D6B0B64-6630-40F9-ADF4-E48D3928D318}.Debug|Any CPU.Build.0 = Debug|Any CPU
		{0D6B0B64-6630-40F9-ADF4-E48D3928D318}.Release|Any CPU.ActiveCfg = Release|Any CPU
		{0D6B0B64-6630-40F9-ADF4-E48D3928D318}.Release|Any CPU.Build.0 = Release|Any CPU
	EndGlobalSection
	GlobalSection(SolutionProperties) = preSolution
		HideSolutionNode = FALSE
	EndGlobalSection
	GlobalSection(ExtensibilityGlobals) = postSolution
		SolutionGuid = {1AE6D571-7F65-42D4-928D-733E301DAA65}
	EndGlobalSection
EndGlobal
